
Microsoft Visual Studio Solution File, Format Version 12.00
# Visual Studio Version 16
VisualStudioVersion = 16.0.29519.87
MinimumVisualStudioVersion = 10.0.40219.1
Project("{9A19103F-16F7-4668-BE54-9A1E7A4F7556}") = "RiskManagementAPI", "RiskManagementAPI\RiskManagementAPI.csproj", "{DB07BCDE-F366-41E8-AB9C-4CF2D914AF55}"
EndProject
Project("{2150E333-8FDC-42A3-9474-1A3956D46DE8}") = "Solution Items", "Solution Items", "{376113F7-CFAF-4620-9EBC-E1F933B7C197}"
	ProjectSection(SolutionItems) = preProject
		NuGet.Config = NuGet.Config
	EndProjectSection
EndProject
Global
	GlobalSection(SolutionConfigurationPlatforms) = preSolution
		Debug|Any CPU = Debug|Any CPU
		Release|Any CPU = Release|Any CPU
	EndGlobalSection
	GlobalSection(ProjectConfigurationPlatforms) = postSolution
		{DB07BCDE-F366-41E8-AB9C-4CF2D914AF55}.Debug|Any CPU.ActiveCfg = Debug|Any CPU
		{DB07BCDE-F366-41E8-AB9C-4CF2D914AF55}.Debug|Any CPU.Build.0 = Debug|Any CPU
		{DB07BCDE-F366-41E8-AB9C-4CF2D914AF55}.Release|Any CPU.ActiveCfg = Release|Any CPU
		{DB07BCDE-F366-41E8-AB9C-4CF2D914AF55}.Release|Any CPU.Build.0 = Release|Any CPU
	EndGlobalSection
	GlobalSection(SolutionProperties) = preSolution
		HideSolutionNode = FALSE
	EndGlobalSection
	GlobalSection(ExtensibilityGlobals) = postSolution
		SolutionGuid = {A4D5D5FE-0715-4D5E-8256-A679CD8F0A4C}
	EndGlobalSection
EndGlobal
